// !$*UTF8*$!
{
	archiveVersion = 1;
	classes = {
	};
	objectVersion = 46;
	objects = {

/* Begin PBXBuildFile section */
		9F3843D61EC019CB008C8079 /* main.m in Sources */ = {isa = PBXBuildFile; fileRef = 9F3843D51EC019CB008C8079 /* main.m */; };
		9F3843DF1EC019CB008C8079 /* Main.storyboard in Resources */ = {isa = PBXBuildFile; fileRef = 9F3843DD1EC019CB008C8079 /* Main.storyboard */; };
		9F3843E11EC019CB008C8079 /* Assets.xcassets in Resources */ = {isa = PBXBuildFile; fileRef = 9F3843E01EC019CB008C8079 /* Assets.xcassets */; };
		9F3843E41EC019CB008C8079 /* LaunchScreen.storyboard in Resources */ = {isa = PBXBuildFile; fileRef = 9F3843E21EC019CB008C8079 /* LaunchScreen.storyboard */; };
		9F3843EF1EC019CC008C8079 /* QRCodeTests.m in Sources */ = {isa = PBXBuildFile; fileRef = 9F3843EE1EC019CC008C8079 /* QRCodeTests.m */; };
		9F3843FF1EC01ABD008C8079 /* AppDelegate.m in Sources */ = {isa = PBXBuildFile; fileRef = 9F3843FB1EC01ABD008C8079 /* AppDelegate.m */; };
		9F3844001EC01ABD008C8079 /* ViewController.m in Sources */ = {isa = PBXBuildFile; fileRef = 9F3843FD1EC01ABD008C8079 /* ViewController.m */; };
		9F3844041EC01B12008C8079 /* QRCode.m in Sources */ = {isa = PBXBuildFile; fileRef = 9F3844031EC01B12008C8079 /* QRCode.m */; };
		9F3844071EC0770C008C8079 /* BlurView.m in Sources */ = {isa = PBXBuildFile; fileRef = 9F3844061EC0770C008C8079 /* BlurView.m */; };
		9F38440C1EC093D6008C8079 /* scanLine@2x.png in Resources */ = {isa = PBXBuildFile; fileRef = 9F3844091EC093D6008C8079 /* scanLine@2x.png */; };
		9F38440D1EC093D6008C8079 /* scanLine@3x.png in Resources */ = {isa = PBXBuildFile; fileRef = 9F38440A1EC093D6008C8079 /* scanLine@3x.png */; };
		9F3844101EC09B4B008C8079 /* scanBg.png in Resources */ = {isa = PBXBuildFile; fileRef = 9F38440F1EC09B4B008C8079 /* scanBg.png */; };
/* End PBXBuildFile section */

/* Begin PBXContainerItemProxy section */
		9F3843EB1EC019CC008C8079 /* PBXContainerItemProxy */ = {
			isa = PBXContainerItemProxy;
			containerPortal = 9F3843C91EC019CB008C8079 /* Project object */;
			proxyType = 1;
			remoteGlobalIDString = 9F3843D01EC019CB008C8079;
			remoteInfo = QRCode;
		};
/* End PBXContainerItemProxy section */

/* Begin PBXFileReference section */
		9F3843D11EC019CB008C8079 /* QRCode.app */ = {isa = PBXFileReference; explicitFileType = wrapper.application; includeInIndex = 0; path = QRCode.app; sourceTree = BUILT_PRODUCTS_DIR; };
		9F3843D51EC019CB008C8079 /* main.m */ = {isa = PBXFileReference; lastKnownFileType = sourcecode.c.objc; path = main.m; sourceTree = "<group>"; };
		9F3843DE1EC019CB008C8079 /* Base */ = {isa = PBXFileReference; lastKnownFileType = file.storyboard; name = Base; path = Base.lproj/Main.storyboard; sourceTree = "<group>"; };
		9F3843E01EC019CB008C8079 /* Assets.xcassets */ = {isa = PBXFileReference; lastKnownFileType = folder.assetcatalog; path = Assets.xcassets; sourceTree = "<group>"; };
		9F3843E31EC019CB008C8079 /* Base */ = {isa = PBXFileReference; lastKnownFileType = file.storyboard; name = Base; path = Base.lproj/LaunchScreen.storyboard; sourceTree = "<group>"; };
		9F3843E51EC019CB008C8079 /* Info.plist */ = {isa = PBXFileReference; lastKnownFileType = text.plist.xml; path = Info.plist; sourceTree = "<group>"; };
		9F3843EA1EC019CC008C8079 /* QRCodeTests.xctest */ = {isa = PBXFileReference; explicitFileType = wrapper.cfbundle; includeInIndex = 0; path = QRCodeTests.xctest; sourceTree = BUILT_PRODUCTS_DIR; };
		9F3843EE1EC019CC008C8079 /* QRCodeTests.m */ = {isa = PBXFileReference; lastKnownFileType = sourcecode.c.objc; path = QRCodeTests.m; sourceTree = "<group>"; };
		9F3843F01EC019CC008C8079 /* Info.plist */ = {isa = PBXFileReference; lastKnownFileType = text.plist.xml; path = Info.plist; sourceTree = "<group>"; };
		9F3843FA1EC01ABD008C8079 /* AppDelegate.h */ = {isa = PBXFileReference; fileEncoding = 4; lastKnownFileType = sourcecode.c.h; path = AppDelegate.h; sourceTree = "<group>"; };
		9F3843FB1EC01ABD008C8079 /* AppDelegate.m */ = {isa = PBXFileReference; fileEncoding = 4; lastKnownFileType = sourcecode.c.objc; path = AppDelegate.m; sourceTree = "<group>"; };
		9F3843FC1EC01ABD008C8079 /* ViewController.h */ = {isa = PBXFileReference; fileEncoding = 4; lastKnownFileType = sourcecode.c.h; path = ViewController.h; sourceTree = "<group>"; };
		9F3843FD1EC01ABD008C8079 /* ViewController.m */ = {isa = PBXFileReference; fileEncoding = 4; lastKnownFileType = sourcecode.c.objc; path = ViewController.m; sourceTree = "<group>"; };
		9F3844021EC01B12008C8079 /* QRCode.h */ = {isa = PBXFileReference; fileEncoding = 4; lastKnownFileType = sourcecode.c.h; path = QRCode.h; sourceTree = "<group>"; };
		9F3844031EC01B12008C8079 /* QRCode.m */ = {isa = PBXFileReference; fileEncoding = 4; lastKnownFileType = sourcecode.c.objc; path = QRCode.m; sourceTree = "<group>"; };
		9F3844051EC0770C008C8079 /* BlurView.h */ = {isa = PBXFileReference; fileEncoding = 4; lastKnownFileType = sourcecode.c.h; path = BlurView.h; sourceTree = "<group>"; };
		9F3844061EC0770C008C8079 /* BlurView.m */ = {isa = PBXFileReference; fileEncoding = 4; lastKnownFileType = sourcecode.c.objc; path = BlurView.m; sourceTree = "<group>"; };
		9F3844091EC093D6008C8079 /* scanLine@2x.png */ = {isa = PBXFileReference; lastKnownFileType = image.png; path = "scanLine@2x.png"; sourceTree = "<group>"; };
		9F38440A1EC093D6008C8079 /* scanLine@3x.png */ = {isa = PBXFileReference; lastKnownFileType = image.png; path = "scanLine@3x.png"; sourceTree = "<group>"; };
		9F38440F1EC09B4B008C8079 /* scanBg.png */ = {isa = PBXFileReference; lastKnownFileType = image.png; path = scanBg.png; sourceTree = "<group>"; };
/* End PBXFileReference section */

/* Begin PBXFrameworksBuildPhase section */
		9F3843CE1EC019CB008C8079 /* Frameworks */ = {
			isa = PBXFrameworksBuildPhase;
			buildActionMask = 2147483647;
			files = (
			);
			runOnlyForDeploymentPostprocessing = 0;
		};
		9F3843E71EC019CC008C8079 /* Frameworks */ = {
			isa = PBXFrameworksBuildPhase;
			buildActionMask = 2147483647;
			files = (
			);
			runOnlyForDeploymentPostprocessing = 0;
		};
/* End PBXFrameworksBuildPhase section */

/* Begin PBXGroup section */
		9F3843C81EC019CB008C8079 = {
			isa = PBXGroup;
			children = (
				9F3843D31EC019CB008C8079 /* QRCode */,
				9F3843ED1EC019CC008C8079 /* QRCodeTests */,
				9F3843D21EC019CB008C8079 /* Products */,
			);
			sourceTree = "<group>";
		};
		9F3843D21EC019CB008C8079 /* Products */ = {
			isa = PBXGroup;
			children = (
				9F3843D11EC019CB008C8079 /* QRCode.app */,
				9F3843EA1EC019CC008C8079 /* QRCodeTests.xctest */,
			);
			name = Products;
			sourceTree = "<group>";
		};
		9F3843D31EC019CB008C8079 /* QRCode */ = {
			isa = PBXGroup;
			children = (
				9F3843F91EC01ABD008C8079 /* Example */,
				9F3843FE1EC01ABD008C8079 /* QRCode */,
				9F3843D41EC019CB008C8079 /* Supporting Files */,
			);
			path = QRCode;
			sourceTree = "<group>";
		};
		9F3843D41EC019CB008C8079 /* Supporting Files */ = {
			isa = PBXGroup;
			children = (
				9F3843DD1EC019CB008C8079 /* Main.storyboard */,
				9F3843E01EC019CB008C8079 /* Assets.xcassets */,
				9F3843E21EC019CB008C8079 /* LaunchScreen.storyboard */,
				9F3843E51EC019CB008C8079 /* Info.plist */,
				9F3843D51EC019CB008C8079 /* main.m */,
			);
			name = "Supporting Files";
			sourceTree = "<group>";
		};
		9F3843ED1EC019CC008C8079 /* QRCodeTests */ = {
			isa = PBXGroup;
			children = (
				9F3843EE1EC019CC008C8079 /* QRCodeTests.m */,
				9F3843F01EC019CC008C8079 /* Info.plist */,
			);
			path = QRCodeTests;
			sourceTree = "<group>";
		};
		9F3843F91EC01ABD008C8079 /* Example */ = {
			isa = PBXGroup;
			children = (
				9F3843FA1EC01ABD008C8079 /* AppDelegate.h */,
				9F3843FB1EC01ABD008C8079 /* AppDelegate.m */,
				9F3843FC1EC01ABD008C8079 /* ViewController.h */,
				9F3843FD1EC01ABD008C8079 /* ViewController.m */,
			);
			path = Example;
			sourceTree = "<group>";
		};
		9F3843FE1EC01ABD008C8079 /* QRCode */ = {
			isa = PBXGroup;
			children = (
				9F3844021EC01B12008C8079 /* QRCode.h */,
				9F3844031EC01B12008C8079 /* QRCode.m */,
				9F3844051EC0770C008C8079 /* BlurView.h */,
				9F3844061EC0770C008C8079 /* BlurView.m */,
				9F3844081EC09345008C8079 /* Images */,
			);
			path = QRCode;
			sourceTree = "<group>";
		};
		9F3844081EC09345008C8079 /* Images */ = {
			isa = PBXGroup;
			children = (
				9F3844091EC093D6008C8079 /* scanLine@2x.png */,
				9F38440A1EC093D6008C8079 /* scanLine@3x.png */,
				9F38440F1EC09B4B008C8079 /* scanBg.png */,
			);
			path = Images;
			sourceTree = "<group>";
		};
/* End PBXGroup section */

/* Begin PBXNativeTarget section */
		9F3843D01EC019CB008C8079 /* QRCode */ = {
			isa = PBXNativeTarget;
			buildConfigurationList = 9F3843F31EC019CC008C8079 /* Build configuration list for PBXNativeTarget "QRCode" */;
			buildPhases = (
				9F3843CD1EC019CB008C8079 /* Sources */,
				9F3843CE1EC019CB008C8079 /* Frameworks */,
				9F3843CF1EC019CB008C8079 /* Resources */,
			);
			buildRules = (
			);
			dependencies = (
			);
			name = QRCode;
			productName = QRCode;
			productReference = 9F3843D11EC019CB008C8079 /* QRCode.app */;
			productType = "com.apple.product-type.application";
		};
		9F3843E91EC019CC008C8079 /* QRCodeTests */ = {
			isa = PBXNativeTarget;
			buildConfigurationList = 9F3843F61EC019CC008C8079 /* Build configuration list for PBXNativeTarget "QRCodeTests" */;
			buildPhases = (
				9F3843E61EC019CC008C8079 /* Sources */,
				9F3843E71EC019CC008C8079 /* Frameworks */,
				9F3843E81EC019CC008C8079 /* Resources */,
			);
			buildRules = (
			);
			dependencies = (
				9F3843EC1EC019CC008C8079 /* PBXTargetDependency */,
			);
			name = QRCodeTests;
			productName = QRCodeTests;
			productReference = 9F3843EA1EC019CC008C8079 /* QRCodeTests.xctest */;
			productType = "com.apple.product-type.bundle.unit-test";
		};
/* End PBXNativeTarget section */

/* Begin PBXProject section */
		9F3843C91EC019CB008C8079 /* Project object */ = {
			isa = PBXProject;
			attributes = {
				LastUpgradeCheck = 0830;
				ORGANIZATIONNAME = yuejieee;
				TargetAttributes = {
					9F3843D01EC019CB008C8079 = {
						CreatedOnToolsVersion = 8.3.2;
						ProvisioningStyle = Automatic;
					};
					9F3843E91EC019CC008C8079 = {
						CreatedOnToolsVersion = 8.3.2;
						ProvisioningStyle = Automatic;
						TestTargetID = 9F3843D01EC019CB008C8079;
					};
				};
			};
			buildConfigurationList = 9F3843CC1EC019CB008C8079 /* Build configuration list for PBXProject "QRCode" */;
			compatibilityVersion = "Xcode 3.2";
			developmentRegion = English;
			hasScannedForEncodings = 0;
			knownRegions = (
				en,
				Base,
			);
			mainGroup = 9F3843C81EC019CB008C8079;
			productRefGroup = 9F3843D21EC019CB008C8079 /* Products */;
			projectDirPath = "";
			projectRoot = "";
			targets = (
				9F3843D01EC019CB008C8079 /* QRCode */,
				9F3843E91EC019CC008C8079 /* QRCodeTests */,
			);
		};
/* End PBXProject section */

/* Begin PBXResourcesBuildPhase section */
		9F3843CF1EC019CB008C8079 /* Resources */ = {
			isa = PBXResourcesBuildPhase;
			buildActionMask = 2147483647;
			files = (
				9F3843E41EC019CB008C8079 /* LaunchScreen.storyboard in Resources */,
				9F38440D1EC093D6008C8079 /* scanLine@3x.png in Resources */,
				9F38440C1EC093D6008C8079 /* scanLine@2x.png in Resources */,
				9F3844101EC09B4B008C8079 /* scanBg.png in Resources */,
				9F3843E11EC019CB008C8079 /* Assets.xcassets in Resources */,
				9F3843DF1EC019CB008C8079 /* Main.storyboard in Resources */,
			);
			runOnlyForDeploymentPostprocessing = 0;
		};
		9F3843E81EC019CC008C8079 /* Resources */ = {
			isa = PBXResourcesBuildPhase;
			buildActionMask = 2147483647;
			files = (
			);
			runOnlyForDeploymentPostprocessing = 0;
		};
/* End PBXResourcesBuildPhase section */

/* Begin PBXSourcesBuildPhase section */
		9F3843CD1EC019CB008C8079 /* Sources */ = {
			isa = PBXSourcesBuildPhase;
			buildActionMask = 2147483647;
			files = (
				9F3844001EC01ABD008C8079 /* ViewController.m in Sources */,
				9F3844041EC01B12008C8079 /* QRCode.m in Sources */,
				9F3844071EC0770C008C8079 /* BlurView.m in Sources */,
				9F3843FF1EC01ABD008C8079 /* AppDelegate.m in Sources */,
				9F3843D61EC019CB008C8079 /* main.m in Sources */,
			);
			runOnlyForDeploymentPostprocessing = 0;
		};
		9F3843E61EC019CC008C8079 /* Sources */ = {
			isa = PBXSourcesBuildPhase;
			buildActionMask = 2147483647;
			files = (
				9F3843EF1EC019CC008C8079 /* QRCodeTests.m in Sources */,
			);
			runOnlyForDeploymentPostprocessing = 0;
		};
/* End PBXSourcesBuildPhase section */

/* Begin PBXTargetDependency section */
		9F3843EC1EC019CC008C8079 /* PBXTargetDependency */ = {
			isa = PBXTargetDependency;
			target = 9F3843D01EC019CB008C8079 /* QRCode */;
			targetProxy = 9F3843EB1EC019CC008C8079 /* PBXContainerItemProxy */;
		};
/* End PBXTargetDependency section */

/* Begin PBXVariantGroup section */
		9F3843DD1EC019CB008C8079 /* Main.storyboard */ = {
			isa = PBXVariantGroup;
			children = (
				9F3843DE1EC019CB008C8079 /* Base */,
			);
			name = Main.storyboard;
			sourceTree = "<group>";
		};
		9F3843E21EC019CB008C8079 /* LaunchScreen.storyboard */ = {
			isa = PBXVariantGroup;
			children = (
				9F3843E31EC019CB008C8079 /* Base */,
			);
			name = LaunchScreen.storyboard;
			sourceTree = "<group>";
		};
/* End PBXVariantGroup section */

/* Begin XCBuildConfiguration section */
		9F3843F11EC019CC008C8079 /* Debug */ = {
			isa = XCBuildConfiguration;
			buildSettings = {
				ALWAYS_SEARCH_USER_PATHS = NO;
				CLANG_ANALYZER_NONNULL = YES;
				CLANG_ANALYZER_NUMBER_OBJECT_CONVERSION = YES_AGGRESSIVE;
				CLANG_CXX_LANGUAGE_STANDARD = "gnu++0x";
				CLANG_CXX_LIBRARY = "libc++";
				CLANG_ENABLE_MODULES = YES;
				CLANG_ENABLE_OBJC_ARC = YES;
				CLANG_WARN_BOOL_CONVERSION = YES;
				CLANG_WARN_CONSTANT_CONVERSION = YES;
				CLANG_WARN_DIRECT_OBJC_ISA_USAGE = YES_ERROR;
				CLANG_WARN_DOCUMENTATION_COMMENTS = YES;
				CLANG_WARN_EMPTY_BODY = YES;
				CLANG_WARN_ENUM_CONVERSION = YES;
				CLANG_WARN_INFINITE_RECURSION = YES;
				CLANG_WARN_INT_CONVERSION = YES;
				CLANG_WARN_OBJC_ROOT_CLASS = YES_ERROR;
				CLANG_WARN_SUSPICIOUS_MOVE = YES;
				CLANG_WARN_UNREACHABLE_CODE = YES;
				CLANG_WARN__DUPLICATE_METHOD_MATCH = YES;
				"CODE_SIGN_IDENTITY[sdk=iphoneos*]" = "iPhone Developer";
				COPY_PHASE_STRIP = NO;
				DEBUG_INFORMATION_FORMAT = dwarf;
				ENABLE_STRICT_OBJC_MSGSEND = YES;
				ENABLE_TESTABILITY = YES;
				GCC_C_LANGUAGE_STANDARD = gnu99;
				GCC_DYNAMIC_NO_PIC = NO;
				GCC_NO_COMMON_BLOCKS = YES;
				GCC_OPTIMIZATION_LEVEL = 0;
				GCC_PREPROCESSOR_DEFINITIONS = (
					"DEBUG=1",
					"$(inherited)",
				);
				GCC_WARN_64_TO_32_BIT_CONVERSION = YES;
				GCC_WARN_ABOUT_RETURN_TYPE = YES_ERROR;
				GCC_WARN_UNDECLARED_SELECTOR = YES;
				GCC_WARN_UNINITIALIZED_AUTOS = YES_AGGRESSIVE;
				GCC_WARN_UNUSED_FUNCTION = YES;
				GCC_WARN_UNUSED_VARIABLE = YES;
				IPHONEOS_DEPLOYMENT_TARGET = 10.3;
				MTL_ENABLE_DEBUG_INFO = YES;
				ONLY_ACTIVE_ARCH = YES;
				SDKROOT = iphoneos;
			};
			name = Debug;
		};
		9F3843F21EC019CC008C8079 /* Release */ = {
			isa = XCBuildConfiguration;
			buildSettings = {
				ALWAYS_SEARCH_USER_PATHS = NO;
				CLANG_ANALYZER_NONNULL = YES;
				CLANG_ANALYZER_NUMBER_OBJECT_CONVERSION = YES_AGGRESSIVE;
				CLANG_CXX_LANGUAGE_STANDARD = "gnu++0x";
				CLANG_CXX_LIBRARY = "libc++";
				CLANG_ENABLE_MODULES = YES;
				CLANG_ENABLE_OBJC_ARC = YES;
				CLANG_WARN_BOOL_CONVERSION = YES;
				CLANG_WARN_CONSTANT_CONVERSION = YES;
				CLANG_WARN_DIRECT_OBJC_ISA_USAGE = YES_ERROR;
				CLANG_WARN_DOCUMENTATION_COMMENTS = YES;
				CLANG_WARN_EMPTY_BODY = YES;
				CLANG_WARN_ENUM_CONVERSION = YES;
				CLANG_WARN_INFINITE_RECURSION = YES;
				CLANG_WARN_INT_CONVERSION = YES;
				CLANG_WARN_OBJC_ROOT_CLASS = YES_ERROR;
				CLANG_WARN_SUSPICIOUS_MOVE = YES;
				CLANG_WARN_UNREACHABLE_CODE = YES;
				CLANG_WARN__DUPLICATE_METHOD_MATCH = YES;
				"CODE_SIGN_IDENTITY[sdk=iphoneos*]" = "iPhone Developer";
				COPY_PHASE_STRIP = NO;
				DEBUG_INFORMATION_FORMAT = "dwarf-with-dsym";
				ENABLE_NS_ASSERTIONS = NO;
				ENABLE_STRICT_OBJC_MSGSEND = YES;
				GCC_C_LANGUAGE_STANDARD = gnu99;
				GCC_NO_COMMON_BLOCKS = YES;
				GCC_WARN_64_TO_32_BIT_CONVERSION = YES;
				GCC_WARN_ABOUT_RETURN_TYPE = YES_ERROR;
				GCC_WARN_UNDECLARED_SELECTOR = YES;
				GCC_WARN_UNINITIALIZED_AUTOS = YES_AGGRESSIVE;
				GCC_WARN_UNUSED_FUNCTION = YES;
				GCC_WARN_UNUSED_VARIABLE = YES;
				IPHONEOS_DEPLOYMENT_TARGET = 10.3;
				MTL_ENABLE_DEBUG_INFO = NO;
				SDKROOT = iphoneos;
				VALIDATE_PRODUCT = YES;
			};
			name = Release;
		};
		9F3843F41EC019CC008C8079 /* Debug */ = {
			isa = XCBuildConfiguration;
			buildSettings = {
				ASSETCATALOG_COMPILER_APPICON_NAME = AppIcon;
				INFOPLIST_FILE = QRCode/Info.plist;
				LD_RUNPATH_SEARCH_PATHS = "$(inherited) @executable_path/Frameworks";
				PRODUCT_BUNDLE_IDENTIFIER = com.yuejieee.QRCode;
				PRODUCT_NAME = "$(TARGET_NAME)";
			};
			name = Debug;
		};
		9F3843F51EC019CC008C8079 /* Release */ = {
			isa = XCBuildConfiguration;
			buildSettings = {
				ASSETCATALOG_COMPILER_APPICON_NAME = AppIcon;
				INFOPLIST_FILE = QRCode/Info.plist;
				LD_RUNPATH_SEARCH_PATHS = "$(inherited) @executable_path/Frameworks";
				PRODUCT_BUNDLE_IDENTIFIER = com.yuejieee.QRCode;
				PRODUCT_NAME = "$(TARGET_NAME)";
			};
			name = Release;
		};
		9F3843F71EC019CC008C8079 /* Debug */ = {
			isa = XCBuildConfiguration;
			buildSettings = {
				BUNDLE_LOADER = "$(TEST_HOST)";
				INFOPLIST_FILE = QRCodeTests/Info.plist;
				LD_RUNPATH_SEARCH_PATHS = "$(inherited) @executable_path/Frameworks @loader_path/Frameworks";
				PRODUCT_BUNDLE_IDENTIFIER = com.yuejieee.QRCodeTests;
				PRODUCT_NAME = "$(TARGET_NAME)";
				TEST_HOST = "$(BUILT_PRODUCTS_DIR)/QRCode.app/QRCode";
			};
			name = Debug;
		};
		9F3843F81EC019CC008C8079 /* Release */ = {
			isa = XCBuildConfiguration;
			buildSettings = {
				BUNDLE_LOADER = "$(TEST_HOST)";
				INFOPLIST_FILE = QRCodeTests/Info.plist;
				LD_RUNPATH_SEARCH_PATHS = "$(inherited) @executable_path/Frameworks @loader_path/Frameworks";
				PRODUCT_BUNDLE_IDENTIFIER = com.yuejieee.QRCodeTests;
				PRODUCT_NAME = "$(TARGET_NAME)";
				TEST_HOST = "$(BUILT_PRODUCTS_DIR)/QRCode.app/QRCode";
			};
			name = Release;
		};
/* End XCBuildConfiguration section */

/* Begin XCConfigurationList section */
		9F3843CC1EC019CB008C8079 /* Build configuration list for PBXProject "QRCode" */ = {
			isa = XCConfigurationList;
			buildConfigurations = (
				9F3843F11EC019CC008C8079 /* Debug */,
				9F3843F21EC019CC008C8079 /* Release */,
			);
			defaultConfigurationIsVisible = 0;
			defaultConfigurationName = Release;
		};
		9F3843F31EC019CC008C8079 /* Build configuration list for PBXNativeTarget "QRCode" */ = {
			isa = XCConfigurationList;
			buildConfigurations = (
				9F3843F41EC019CC008C8079 /* Debug */,
				9F3843F51EC019CC008C8079 /* Release */,
			);
			defaultConfigurationIsVisible = 0;
			defaultConfigurationName = Release;
		};
		9F3843F61EC019CC008C8079 /* Build configuration list for PBXNativeTarget "QRCodeTests" */ = {
			isa = XCConfigurationList;
			buildConfigurations = (
				9F3843F71EC019CC008C8079 /* Debug */,
				9F3843F81EC019CC008C8079 /* Release */,
			);
			defaultConfigurationIsVisible = 0;
			defaultConfigurationName = Release;
		};
/* End XCConfigurationList section */
	};
	rootObject = 9F3843C91EC019CB008C8079 /* Project object */;
}
